
Microsoft Visual Studio Solution File, Format Version 12.00
# Visual Studio Version 16
VisualStudioVersion = 16.0.29728.190
MinimumVisualStudioVersion = 10.0.40219.1
Project("{FAE04EC0-301F-11D3-BF4B-00C04F79EFBC}") = "faktoriyel", "faktoriyel\faktoriyel.csproj", "{A78A435C-9DCA-4937-A589-82F25C6D13A3}"
EndProject
Global
	GlobalSection(SolutionConfigurationPlatforms) = preSolution
		Debug|Any CPU = Debug|Any CPU
		Release|Any CPU = Release|Any CPU
	EndGlobalSection
	GlobalSection(ProjectConfigurationPlatforms) = postSolution
		{A78A435C-9DCA-4937-A589-82F25C6D13A3}.Debug|Any CPU.ActiveCfg = Debug|Any CPU
		{A78A435C-9DCA-4937-A589-82F25C6D13A3}.Debug|Any CPU.Build.0 = Debug|Any CPU
		{A78A435C-9DCA-4937-A589-82F25C6D13A3}.Release|Any CPU.ActiveCfg = Release|Any CPU
		{A78A435C-9DCA-4937-A589-82F25C6D13A3}.Release|Any CPU.Build.0 = Release|Any CPU
	EndGlobalSection
	GlobalSection(SolutionProperties) = preSolution
		HideSolutionNode = FALSE
	EndGlobalSection
	GlobalSection(ExtensibilityGlobals) = postSolution
		SolutionGuid = {AC3D687A-BF04-4FE0-80B2-45EF86367E47}
	EndGlobalSection
EndGlobal
